
Microsoft Visual Studio Solution File, Format Version 12.00
# Visual Studio Version 17
VisualStudioVersion = 17.7.34031.279
MinimumVisualStudioVersion = 10.0.40219.1
Project("{2150E333-8FDC-42A3-9474-1A3956D46DE8}") = "src", "src", "{FB14A1E6-A3AE-4FAA-99CB-3349C7906659}"
EndProject
Project("{2150E333-8FDC-42A3-9474-1A3956D46DE8}") = "Api", "Api", "{5937A4C8-33C1-40E0-AC0D-AC5B2BB2B2F1}"
EndProject
Project("{2150E333-8FDC-42A3-9474-1A3956D46DE8}") = "Clients", "Clients", "{0B774EBA-7BE3-4EB2-B2B0-AD47F17FE2F9}"
EndProject
Project("{2150E333-8FDC-42A3-9474-1A3956D46DE8}") = "Common", "Common", "{042C0F74-A384-4717-B3BD-11C2EAA364CA}"
EndProject
Project("{2150E333-8FDC-42A3-9474-1A3956D46DE8}") = "Projections", "Projections", "{F913358F-3F60-4320-A28A-9F447DB4FA80}"
EndProject
Project("{2150E333-8FDC-42A3-9474-1A3956D46DE8}") = "Core", "Core", "{5D93D3FF-0AA2-4E9D-A11D-BFD25E22A8B8}"
EndProject
Project("{2150E333-8FDC-42A3-9474-1A3956D46DE8}") = "Infrastructure", "Infrastructure", "{BE60629E-2D5C-46A2-A42F-2F3B3CB545A1}"
EndProject
Project("{2150E333-8FDC-42A3-9474-1A3956D46DE8}") = "WebApi", "WebApi", "{97B83A5E-D050-4ED9-BDB7-7636E45B69D0}"
EndProject
Project("{2150E333-8FDC-42A3-9474-1A3956D46DE8}") = "BlazorWeb", "BlazorWeb", "{97734662-0B2E-4C89-A204-F8E289BC6A21}"
EndProject
Project("{9A19103F-16F7-4668-BE54-9A1E7A4F7556}") = "BlazorSozluk.Common", "src\Common\BlazorSozluk.Common\BlazorSozluk.Common.csproj", "{8DECBE28-CA89-43FE-A9BA-0028F0FDB640}"
EndProject
Project("{9A19103F-16F7-4668-BE54-9A1E7A4F7556}") = "BlazorSozluk.Api.Application", "src\Api\Core\BlazorSozluk.Api.Application\BlazorSozluk.Api.Application.csproj", "{E9B99ED9-38DF-4B71-89EC-E62BB8B7320E}"
EndProject
Project("{9A19103F-16F7-4668-BE54-9A1E7A4F7556}") = "BlazorSozluk.Api.Domain", "src\Api\Core\BlazorSozluk.Api.Domain\BlazorSozluk.Api.Domain.csproj", "{4094325F-9EE7-463A-962F-4A197125B242}"
EndProject
Project("{9A19103F-16F7-4668-BE54-9A1E7A4F7556}") = "BlazorSozluk.Infrastructure.Persistence", "src\Api\Infrastructure\BlazorSozluk.Infrastructure.Persistence\BlazorSozluk.Infrastructure.Persistence.csproj", "{30BEE110-C955-49BE-85E4-9C70F0B9A3AB}"
EndProject
Project("{9A19103F-16F7-4668-BE54-9A1E7A4F7556}") = "BlazorSozluk.Api.WebApi", "src\Api\WebApi\BlazorSozluk.Api.WebApi\BlazorSozluk.Api.WebApi.csproj", "{3E3B0CD7-44CA-48D8-9557-B2345CB563EE}"
EndProject
Project("{9A19103F-16F7-4668-BE54-9A1E7A4F7556}") = "BlazorSozluk.Projections.FavoriteService", "src\Projections\BlazorSozluk.Projections.FavoriteService\BlazorSozluk.Projections.FavoriteService.csproj", "{83B7D0BC-D42A-4A4A-9E04-40227337A7A5}"
EndProject
Project("{9A19103F-16F7-4668-BE54-9A1E7A4F7556}") = "BlazorSozluk.Projections.UserService", "src\Projections\BlazorSozluk.Projections.User\BlazorSozluk.Projections.UserService.csproj", "{66382017-0D3A-41B9-A102-584C09F61F42}"
EndProject
Project("{9A19103F-16F7-4668-BE54-9A1E7A4F7556}") = "BlazorSozluk.Projections.VoteService", "src\Projections\BlazorSozluk.Projections.VoteService\BlazorSozluk.Projections.VoteService.csproj", "{BDA3E4DB-554F-418B-BEAA-7EC6F16C15D2}"
EndProject
Project("{9A19103F-16F7-4668-BE54-9A1E7A4F7556}") = "BlazorSozluk.WebApp", "src\Clients\BlazorWeb\BlazorSozluk.WebApp\BlazorSozluk.WebApp.csproj", "{0C26268A-5B34-4865-A29A-5346F3CA2118}"
EndProject
Global
	GlobalSection(SolutionConfigurationPlatforms) = preSolution
		Debug|Any CPU = Debug|Any CPU
		Release|Any CPU = Release|Any CPU
	EndGlobalSection
	GlobalSection(ProjectConfigurationPlatforms) = postSolution
		{8DECBE28-CA89-43FE-A9BA-0028F0FDB640}.Debug|Any CPU.ActiveCfg = Debug|Any CPU
		{8DECBE28-CA89-43FE-A9BA-0028F0FDB640}.Debug|Any CPU.Build.0 = Debug|Any CPU
		{8DECBE28-CA89-43FE-A9BA-0028F0FDB640}.Release|Any CPU.ActiveCfg = Release|Any CPU
		{8DECBE28-CA89-43FE-A9BA-0028F0FDB640}.Release|Any CPU.Build.0 = Release|Any CPU
		{E9B99ED9-38DF-4B71-89EC-E62BB8B7320E}.Debug|Any CPU.ActiveCfg = Debug|Any CPU
		{E9B99ED9-38DF-4B71-89EC-E62BB8B7320E}.Debug|Any CPU.Build.0 = Debug|Any CPU
		{E9B99ED9-38DF-4B71-89EC-E62BB8B7320E}.Release|Any CPU.ActiveCfg = Release|Any CPU
		{E9B99ED9-38DF-4B71-89EC-E62BB8B7320E}.Release|Any CPU.Build.0 = Release|Any CPU
		{4094325F-9EE7-463A-962F-4A197125B242}.Debug|Any CPU.ActiveCfg = Debug|Any CPU
		{4094325F-9EE7-463A-962F-4A197125B242}.Debug|Any CPU.Build.0 = Debug|Any CPU
		{4094325F-9EE7-463A-962F-4A197125B242}.Release|Any CPU.ActiveCfg = Release|Any CPU
		{4094325F-9EE7-463A-962F-4A197125B242}.Release|Any CPU.Build.0 = Release|Any CPU
		{30BEE110-C955-49BE-85E4-9C70F0B9A3AB}.Debug|Any CPU.ActiveCfg = Debug|Any CPU
		{30BEE110-C955-49BE-85E4-9C70F0B9A3AB}.Debug|Any CPU.Build.0 = Debug|Any CPU
		{30BEE110-C955-49BE-85E4-9C70F0B9A3AB}.Release|Any CPU.ActiveCfg = Release|Any CPU
		{30BEE110-C955-49BE-85E4-9C70F0B9A3AB}.Release|Any CPU.Build.0 = Release|Any CPU
		{3E3B0CD7-44CA-48D8-9557-B2345CB563EE}.Debug|Any CPU.ActiveCfg = Debug|Any CPU
		{3E3B0CD7-44CA-48D8-9557-B2345CB563EE}.Debug|Any CPU.Build.0 = Debug|Any CPU
		{3E3B0CD7-44CA-48D8-9557-B2345CB563EE}.Release|Any CPU.ActiveCfg = Release|Any CPU
		{3E3B0CD7-44CA-48D8-9557-B2345CB563EE}.Release|Any CPU.Build.0 = Release|Any CPU
		{83B7D0BC-D42A-4A4A-9E04-40227337A7A5}.Debug|Any CPU.ActiveCfg = Debug|Any CPU
		{83B7D0BC-D42A-4A4A-9E04-40227337A7A5}.Debug|Any CPU.Build.0 = Debug|Any CPU
		{83B7D0BC-D42A-4A4A-9E04-40227337A7A5}.Release|Any CPU.ActiveCfg = Release|Any CPU
		{83B7D0BC-D42A-4A4A-9E04-40227337A7A5}.Release|Any CPU.Build.0 = Release|Any CPU
		{66382017-0D3A-41B9-A102-584C09F61F42}.Debug|Any CPU.ActiveCfg = Debug|Any CPU
		{66382017-0D3A-41B9-A102-584C09F61F42}.Debug|Any CPU.Build.0 = Debug|Any CPU
		{66382017-0D3A-41B9-A102-584C09F61F42}.Release|Any CPU.ActiveCfg = Release|Any CPU
		{66382017-0D3A-41B9-A102-584C09F61F42}.Release|Any CPU.Build.0 = Release|Any CPU
		{BDA3E4DB-554F-418B-BEAA-7EC6F16C15D2}.Debug|Any CPU.ActiveCfg = Debug|Any CPU
		{BDA3E4DB-554F-418B-BEAA-7EC6F16C15D2}.Debug|Any CPU.Build.0 = Debug|Any CPU
		{BDA3E4DB-554F-418B-BEAA-7EC6F16C15D2}.Release|Any CPU.ActiveCfg = Release|Any CPU
		{BDA3E4DB-554F-418B-BEAA-7EC6F16C15D2}.Release|Any CPU.Build.0 = Release|Any CPU
		{0C26268A-5B34-4865-A29A-5346F3CA2118}.Debug|Any CPU.ActiveCfg = Debug|Any CPU
		{0C26268A-5B34-4865-A29A-5346F3CA2118}.Debug|Any CPU.Build.0 = Debug|Any CPU
		{0C26268A-5B34-4865-A29A-5346F3CA2118}.Release|Any CPU.ActiveCfg = Release|Any CPU
		{0C26268A-5B34-4865-A29A-5346F3CA2118}.Release|Any CPU.Build.0 = Release|Any CPU
	EndGlobalSection
	GlobalSection(SolutionProperties) = preSolution
		HideSolutionNode = FALSE
	EndGlobalSection
	GlobalSection(NestedProjects) = preSolution
		{5937A4C8-33C1-40E0-AC0D-AC5B2BB2B2F1} = {FB14A1E6-A3AE-4FAA-99CB-3349C7906659}
		{0B774EBA-7BE3-4EB2-B2B0-AD47F17FE2F9} = {FB14A1E6-A3AE-4FAA-99CB-3349C7906659}
		{042C0F74-A384-4717-B3BD-11C2EAA364CA} = {FB14A1E6-A3AE-4FAA-99CB-3349C7906659}
		{F913358F-3F60-4320-A28A-9F447DB4FA80} = {FB14A1E6-A3AE-4FAA-99CB-3349C7906659}
		{5D93D3FF-0AA2-4E9D-A11D-BFD25E22A8B8} = {5937A4C8-33C1-40E0-AC0D-AC5B2BB2B2F1}
		{BE60629E-2D5C-46A2-A42F-2F3B3CB545A1} = {5937A4C8-33C1-40E0-AC0D-AC5B2BB2B2F1}
		{97B83A5E-D050-4ED9-BDB7-7636E45B69D0} = {5937A4C8-33C1-40E0-AC0D-AC5B2BB2B2F1}
		{97734662-0B2E-4C89-A204-F8E289BC6A21} = {0B774EBA-7BE3-4EB2-B2B0-AD47F17FE2F9}
		{8DECBE28-CA89-43FE-A9BA-0028F0FDB640} = {042C0F74-A384-4717-B3BD-11C2EAA364CA}
		{E9B99ED9-38DF-4B71-89EC-E62BB8B7320E} = {5D93D3FF-0AA2-4E9D-A11D-BFD25E22A8B8}
		{4094325F-9EE7-463A-962F-4A197125B242} = {5D93D3FF-0AA2-4E9D-A11D-BFD25E22A8B8}
		{30BEE110-C955-49BE-85E4-9C70F0B9A3AB} = {BE60629E-2D5C-46A2-A42F-2F3B3CB545A1}
		{3E3B0CD7-44CA-48D8-9557-B2345CB563EE} = {97B83A5E-D050-4ED9-BDB7-7636E45B69D0}
		{83B7D0BC-D42A-4A4A-9E04-40227337A7A5} = {F913358F-3F60-4320-A28A-9F447DB4FA80}
		{66382017-0D3A-41B9-A102-584C09F61F42} = {F913358F-3F60-4320-A28A-9F447DB4FA80}
		{BDA3E4DB-554F-418B-BEAA-7EC6F16C15D2} = {F913358F-3F60-4320-A28A-9F447DB4FA80}
		{0C26268A-5B34-4865-A29A-5346F3CA2118} = {97734662-0B2E-4C89-A204-F8E289BC6A21}
	EndGlobalSection
	GlobalSection(ExtensibilityGlobals) = postSolution
		SolutionGuid = {0B302DF5-7E5A-45DC-A539-B0DB7EF81282}
	EndGlobalSection
EndGlobal
